PODS:
  - Alamofire (5.9.1)
  - Applio (1.0.5):
    - Alamofire

DEPENDENCIES:
  - Applio (from `../Applio/`)

SPEC REPOS:
  trunk:
    - Alamofire

EXTERNAL SOURCES:
  Applio:
    :path: "../Applio/"

SPEC CHECKSUMS:
  Alamofire: f36a35757af4587d8e4f4bfa223ad10be2422b8c
  Applio: 92930094079519205eb20df68d76f983d1f268fa

PODFILE CHECKSUM: a4b070086a34fb95b6aaf5f2b957b1eb5b1ed797

COCOAPODS: 1.15.0
