// !$*UTF8*$!
{
	archiveVersion = 1;
	classes = {
	};
	objectVersion = 56;
	objects = {

/* Begin PBXBuildFile section */
		5908D4DA2BED3D8800D7D9FB /* AppFunction.swift in Sources */ = {isa = PBXBuildFile; fileRef = 5908D4D92BED3D8800D7D9FB /* AppFunction.swift */; };
		5908D4DD2BED3DAE00D7D9FB /* WebService.swift in Sources */ = {isa = PBXBuildFile; fileRef = 5908D4DC2BED3DAE00D7D9FB /* WebService.swift */; };
		5908D4DF2BED3E9D00D7D9FB /* AppCommon.swift in Sources */ = {isa = PBXBuildFile; fileRef = 5908D4DE2BED3E9D00D7D9FB /* AppCommon.swift */; };
		5908D4E12BED3F6600D7D9FB /* BaseView.swift in Sources */ = {isa = PBXBuildFile; fileRef = 5908D4E02BED3F6600D7D9FB /* BaseView.swift */; };
		5908D4E92BED400200D7D9FB /* ImagePicker.swift in Sources */ = {isa = PBXBuildFile; fileRef = 5908D4E82BED400200D7D9FB /* ImagePicker.swift */; };
		59FC9C5E2A699B200021C383 /* Applio.docc in Sources */ = {isa = PBXBuildFile; fileRef = 59FC9C5D2A699B200021C383 /* Applio.docc */; };
		59FC9C5F2A699B200021C383 /* Applio.h in Headers */ = {isa = PBXBuildFile; fileRef = 59FC9C5C2A699B200021C383 /* Applio.h */; settings = {ATTRIBUTES = (Public, ); }; };
		59FC9C872A699E430021C383 /* TextField+Extention.swift in Sources */ = {isa = PBXBuildFile; fileRef = 59FC9C862A699E430021C383 /* TextField+Extention.swift */; };
		59FC9C892A699E7C0021C383 /* UIView+Extention.swift in Sources */ = {isa = PBXBuildFile; fileRef = 59FC9C882A699E7C0021C383 /* UIView+Extention.swift */; };
		59FC9C8B2A699E9B0021C383 /* GradientView.swift in Sources */ = {isa = PBXBuildFile; fileRef = 59FC9C8A2A699E9B0021C383 /* GradientView.swift */; };
		59FC9C8D2A699EBA0021C383 /* CollectionView+Extention.swift in Sources */ = {isa = PBXBuildFile; fileRef = 59FC9C8C2A699EBA0021C383 /* CollectionView+Extention.swift */; };
		59FC9C8F2A699ECC0021C383 /* TableView+Extention.swift in Sources */ = {isa = PBXBuildFile; fileRef = 59FC9C8E2A699ECC0021C383 /* TableView+Extention.swift */; };
		6F8E16E1BA8BB5A992ABF684 /* Pods_Applio.framework in Frameworks */ = {isa = PBXBuildFile; fileRef = FBEF1586FA3F8DA9E5FA756A /* Pods_Applio.framework */; };
/* End PBXBuildFile section */

/* Begin PBXFileReference section */
		2C6C46E191E2BBCBDDC572CA /* Pods-Applio.release.xcconfig */ = {isa = PBXFileReference; includeInIndex = 1; lastKnownFileType = text.xcconfig; name = "Pods-Applio.release.xcconfig"; path = "Target Support Files/Pods-Applio/Pods-Applio.release.xcconfig"; sourceTree = "<group>"; };
		5908D4D92BED3D8800D7D9FB /* AppFunction.swift */ = {isa = PBXFileReference; lastKnownFileType = sourcecode.swift; path = AppFunction.swift; sourceTree = "<group>"; };
		5908D4DC2BED3DAE00D7D9FB /* WebService.swift */ = {isa = PBXFileReference; lastKnownFileType = sourcecode.swift; path = WebService.swift; sourceTree = "<group>"; };
		5908D4DE2BED3E9D00D7D9FB /* AppCommon.swift */ = {isa = PBXFileReference; lastKnownFileType = sourcecode.swift; path = AppCommon.swift; sourceTree = "<group>"; };
		5908D4E02BED3F6600D7D9FB /* BaseView.swift */ = {isa = PBXFileReference; lastKnownFileType = sourcecode.swift; path = BaseView.swift; sourceTree = "<group>"; };
		5908D4E82BED400200D7D9FB /* ImagePicker.swift */ = {isa = PBXFileReference; lastKnownFileType = sourcecode.swift; path = ImagePicker.swift; sourceTree = "<group>"; };
		59FC9C592A699B200021C383 /* Applio.framework */ = {isa = PBXFileReference; explicitFileType = wrapper.framework; includeInIndex = 0; path = Applio.framework; sourceTree = BUILT_PRODUCTS_DIR; };
		59FC9C5C2A699B200021C383 /* Applio.h */ = {isa = PBXFileReference; lastKnownFileType = sourcecode.c.h; path = Applio.h; sourceTree = "<group>"; };
		59FC9C5D2A699B200021C383 /* Applio.docc */ = {isa = PBXFileReference; lastKnownFileType = folder.documentationcatalog; path = Applio.docc; sourceTree = "<group>"; };
		59FC9C862A699E430021C383 /* TextField+Extention.swift */ = {isa = PBXFileReference; fileEncoding = 4; lastKnownFileType = sourcecode.swift; path = "TextField+Extention.swift"; sourceTree = "<group>"; };
		59FC9C882A699E7C0021C383 /* UIView+Extention.swift */ = {isa = PBXFileReference; fileEncoding = 4; lastKnownFileType = sourcecode.swift; path = "UIView+Extention.swift"; sourceTree = "<group>"; };
		59FC9C8A2A699E9B0021C383 /* GradientView.swift */ = {isa = PBXFileReference; fileEncoding = 4; lastKnownFileType = sourcecode.swift; path = GradientView.swift; sourceTree = "<group>"; };
		59FC9C8C2A699EBA0021C383 /* CollectionView+Extention.swift */ = {isa = PBXFileReference; fileEncoding = 4; lastKnownFileType = sourcecode.swift; path = "CollectionView+Extention.swift"; sourceTree = "<group>"; };
		59FC9C8E2A699ECC0021C383 /* TableView+Extention.swift */ = {isa = PBXFileReference; fileEncoding = 4; lastKnownFileType = sourcecode.swift; path = "TableView+Extention.swift"; sourceTree = "<group>"; };
		71F6359FF7C59FA8CCF6B373 /* Pods-Applio.debug.xcconfig */ = {isa = PBXFileReference; includeInIndex = 1; lastKnownFileType = text.xcconfig; name = "Pods-Applio.debug.xcconfig"; path = "Target Support Files/Pods-Applio/Pods-Applio.debug.xcconfig"; sourceTree = "<group>"; };
		FBEF1586FA3F8DA9E5FA756A /* Pods_Applio.framework */ = {isa = PBXFileReference; explicitFileType = wrapper.framework; includeInIndex = 0; path = Pods_Applio.framework; sourceTree = BUILT_PRODUCTS_DIR; };
/* End PBXFileReference section */

/* Begin PBXFrameworksBuildPhase section */
		59FC9C562A699B200021C383 /* Frameworks */ = {
			isa = PBXFrameworksBuildPhase;
			buildActionMask = 2147483647;
			files = (
				6F8E16E1BA8BB5A992ABF684 /* Pods_Applio.framework in Frameworks */,
			);
			runOnlyForDeploymentPostprocessing = 0;
		};
/* End PBXFrameworksBuildPhase section */

/* Begin PBXGroup section */
		24DF1A75C9BBE61C5A1CBC14 /* Pods */ = {
			isa = PBXGroup;
			children = (
				71F6359FF7C59FA8CCF6B373 /* Pods-Applio.debug.xcconfig */,
				2C6C46E191E2BBCBDDC572CA /* Pods-Applio.release.xcconfig */,
			);
			path = Pods;
			sourceTree = "<group>";
		};
		5908D4E22BED3F7D00D7D9FB /* TableView */ = {
			isa = PBXGroup;
			children = (
				59FC9C8E2A699ECC0021C383 /* TableView+Extention.swift */,
			);
			path = TableView;
			sourceTree = "<group>";
		};
		5908D4E32BED3F8400D7D9FB /* CollectionView */ = {
			isa = PBXGroup;
			children = (
				59FC9C8C2A699EBA0021C383 /* CollectionView+Extention.swift */,
			);
			path = CollectionView;
			sourceTree = "<group>";
		};
		5908D4E42BED3F8D00D7D9FB /* UIView */ = {
			isa = PBXGroup;
			children = (
				59FC9C8A2A699E9B0021C383 /* GradientView.swift */,
				59FC9C882A699E7C0021C383 /* UIView+Extention.swift */,
				5908D4E02BED3F6600D7D9FB /* BaseView.swift */,
			);
			path = UIView;
			sourceTree = "<group>";
		};
		5908D4E52BED3F9700D7D9FB /* TextField */ = {
			isa = PBXGroup;
			children = (
				59FC9C862A699E430021C383 /* TextField+Extention.swift */,
			);
			path = TextField;
			sourceTree = "<group>";
		};
		5908D4E62BED3FA500D7D9FB /* Helper */ = {
			isa = PBXGroup;
			children = (
				5908D4D92BED3D8800D7D9FB /* AppFunction.swift */,
				5908D4DE2BED3E9D00D7D9FB /* AppCommon.swift */,
				5908D4DC2BED3DAE00D7D9FB /* WebService.swift */,
			);
			path = Helper;
			sourceTree = "<group>";
		};
		5908D4E72BED3FF800D7D9FB /* ImagePicker */ = {
			isa = PBXGroup;
			children = (
				5908D4E82BED400200D7D9FB /* ImagePicker.swift */,
			);
			path = ImagePicker;
			sourceTree = "<group>";
		};
		59C894622A69B7A100F42A8D /* Source */ = {
			isa = PBXGroup;
			children = (
				5908D4E72BED3FF800D7D9FB /* ImagePicker */,
				5908D4E62BED3FA500D7D9FB /* Helper */,
				5908D4E52BED3F9700D7D9FB /* TextField */,
				5908D4E42BED3F8D00D7D9FB /* UIView */,
				5908D4E32BED3F8400D7D9FB /* CollectionView */,
				5908D4E22BED3F7D00D7D9FB /* TableView */,
			);
			path = Source;
			sourceTree = "<group>";
		};
		59FC9C4F2A699B200021C383 = {
			isa = PBXGroup;
			children = (
				59FC9C5B2A699B200021C383 /* Applio */,
				59FC9C5A2A699B200021C383 /* Products */,
				24DF1A75C9BBE61C5A1CBC14 /* Pods */,
				FAC797067785E51691DE3A51 /* Frameworks */,
			);
			sourceTree = "<group>";
		};
		59FC9C5A2A699B200021C383 /* Products */ = {
			isa = PBXGroup;
			children = (
				59FC9C592A699B200021C383 /* Applio.framework */,
			);
			name = Products;
			sourceTree = "<group>";
		};
		59FC9C5B2A699B200021C383 /* Applio */ = {
			isa = PBXGroup;
			children = (
				59C894622A69B7A100F42A8D /* Source */,
				59FC9C5C2A699B200021C383 /* Applio.h */,
				59FC9C5D2A699B200021C383 /* Applio.docc */,
			);
			path = Applio;
			sourceTree = "<group>";
		};
		FAC797067785E51691DE3A51 /* Frameworks */ = {
			isa = PBXGroup;
			children = (
				FBEF1586FA3F8DA9E5FA756A /* Pods_Applio.framework */,
			);
			name = Frameworks;
			sourceTree = "<group>";
		};
/* End PBXGroup section */

/* Begin PBXHeadersBuildPhase section */
		59FC9C542A699B200021C383 /* Headers */ = {
			isa = PBXHeadersBuildPhase;
			buildActionMask = 2147483647;
			files = (
				59FC9C5F2A699B200021C383 /* Applio.h in Headers */,
			);
			runOnlyForDeploymentPostprocessing = 0;
		};
/* End PBXHeadersBuildPhase section */

/* Begin PBXNativeTarget section */
		59FC9C582A699B200021C383 /* Applio */ = {
			isa = PBXNativeTarget;
			buildConfigurationList = 59FC9C622A699B200021C383 /* Build configuration list for PBXNativeTarget "Applio" */;
			buildPhases = (
				050C68DAE5CA70E49737EE72 /* [CP] Check Pods Manifest.lock */,
				59FC9C542A699B200021C383 /* Headers */,
				59FC9C552A699B200021C383 /* Sources */,
				59FC9C562A699B200021C383 /* Frameworks */,
				59FC9C572A699B200021C383 /* Resources */,
			);
			buildRules = (
			);
			dependencies = (
			);
			name = Applio;
			productName = Applio;
			productReference = 59FC9C592A699B200021C383 /* Applio.framework */;
			productType = "com.apple.product-type.framework";
		};
/* End PBXNativeTarget section */

/* Begin PBXProject section */
		59FC9C502A699B200021C383 /* Project object */ = {
			isa = PBXProject;
			attributes = {
				BuildIndependentTargetsInParallel = 1;
				LastUpgradeCheck = 1430;
				TargetAttributes = {
					59FC9C582A699B200021C383 = {
						CreatedOnToolsVersion = 14.3;
					};
				};
			};
			buildConfigurationList = 59FC9C532A699B200021C383 /* Build configuration list for PBXProject "Applio" */;
			compatibilityVersion = "Xcode 14.0";
			developmentRegion = en;
			hasScannedForEncodings = 0;
			knownRegions = (
				en,
				Base,
			);
			mainGroup = 59FC9C4F2A699B200021C383;
			productRefGroup = 59FC9C5A2A699B200021C383 /* Products */;
			projectDirPath = "";
			projectRoot = "";
			targets = (
				59FC9C582A699B200021C383 /* Applio */,
			);
		};
/* End PBXProject section */

/* Begin PBXResourcesBuildPhase section */
		59FC9C572A699B200021C383 /* Resources */ = {
			isa = PBXResourcesBuildPhase;
			buildActionMask = 2147483647;
			files = (
			);
			runOnlyForDeploymentPostprocessing = 0;
		};
/* End PBXResourcesBuildPhase section */

/* Begin PBXShellScriptBuildPhase section */
		050C68DAE5CA70E49737EE72 /* [CP] Check Pods Manifest.lock */ = {
			isa = PBXShellScriptBuildPhase;
			buildActionMask = 2147483647;
			files = (
			);
			inputFileListPaths = (
			);
			inputPaths = (
				"${PODS_PODFILE_DIR_PATH}/Podfile.lock",
				"${PODS_ROOT}/Manifest.lock",
			);
			name = "[CP] Check Pods Manifest.lock";
			outputFileListPaths = (
			);
			outputPaths = (
				"$(DERIVED_FILE_DIR)/Pods-Applio-checkManifestLockResult.txt",
			);
			runOnlyForDeploymentPostprocessing = 0;
			shellPath = /bin/sh;
			shellScript = "diff \"${PODS_PODFILE_DIR_PATH}/Podfile.lock\" \"${PODS_ROOT}/Manifest.lock\" > /dev/null\nif [ $? != 0 ] ; then\n    # print error to STDERR\n    echo \"error: The sandbox is not in sync with the Podfile.lock. Run 'pod install' or update your CocoaPods installation.\" >&2\n    exit 1\nfi\n# This output is used by Xcode 'outputs' to avoid re-running this script phase.\necho \"SUCCESS\" > \"${SCRIPT_OUTPUT_FILE_0}\"\n";
			showEnvVarsInLog = 0;
		};
/* End PBXShellScriptBuildPhase section */

/* Begin PBXSourcesBuildPhase section */
		59FC9C552A699B200021C383 /* Sources */ = {
			isa = PBXSourcesBuildPhase;
			buildActionMask = 2147483647;
			files = (
				59FC9C872A699E430021C383 /* TextField+Extention.swift in Sources */,
				59FC9C5E2A699B200021C383 /* Applio.docc in Sources */,
				5908D4DD2BED3DAE00D7D9FB /* WebService.swift in Sources */,
				5908D4DF2BED3E9D00D7D9FB /* AppCommon.swift in Sources */,
				5908D4DA2BED3D8800D7D9FB /* AppFunction.swift in Sources */,
				59FC9C8F2A699ECC0021C383 /* TableView+Extention.swift in Sources */,
				59FC9C8D2A699EBA0021C383 /* CollectionView+Extention.swift in Sources */,
				5908D4E92BED400200D7D9FB /* ImagePicker.swift in Sources */,
				5908D4E12BED3F6600D7D9FB /* BaseView.swift in Sources */,
				59FC9C8B2A699E9B0021C383 /* GradientView.swift in Sources */,
				59FC9C892A699E7C0021C383 /* UIView+Extention.swift in Sources */,
			);
			runOnlyForDeploymentPostprocessing = 0;
		};
/* End PBXSourcesBuildPhase section */

/* Begin XCBuildConfiguration section */
		59FC9C602A699B200021C383 /* Debug */ = {
			isa = XCBuildConfiguration;
			buildSettings = {
				ALWAYS_SEARCH_USER_PATHS = NO;
				CLANG_ANALYZER_NONNULL = YES;
				CLANG_ANALYZER_NUMBER_OBJECT_CONVERSION = YES_AGGRESSIVE;
				CLANG_CXX_LANGUAGE_STANDARD = "gnu++20";
				CLANG_ENABLE_MODULES = YES;
				CLANG_ENABLE_OBJC_ARC = YES;
				CLANG_ENABLE_OBJC_WEAK = YES;
				CLANG_WARN_BLOCK_CAPTURE_AUTORELEASING = YES;
				CLANG_WARN_BOOL_CONVERSION = YES;
				CLANG_WARN_COMMA = YES;
				CLANG_WARN_CONSTANT_CONVERSION = YES;
				CLANG_WARN_DEPRECATED_OBJC_IMPLEMENTATIONS = YES;
				CLANG_WARN_DIRECT_OBJC_ISA_USAGE = YES_ERROR;
				CLANG_WARN_DOCUMENTATION_COMMENTS = YES;
				CLANG_WARN_EMPTY_BODY = YES;
				CLANG_WARN_ENUM_CONVERSION = YES;
				CLANG_WARN_INFINITE_RECURSION = YES;
				CLANG_WARN_INT_CONVERSION = YES;
				CLANG_WARN_NON_LITERAL_NULL_CONVERSION = YES;
				CLANG_WARN_OBJC_IMPLICIT_RETAIN_SELF = YES;
				CLANG_WARN_OBJC_LITERAL_CONVERSION = YES;
				CLANG_WARN_OBJC_ROOT_CLASS = YES_ERROR;
				CLANG_WARN_QUOTED_INCLUDE_IN_FRAMEWORK_HEADER = YES;
				CLANG_WARN_RANGE_LOOP_ANALYSIS = YES;
				CLANG_WARN_STRICT_PROTOTYPES = YES;
				CLANG_WARN_SUSPICIOUS_MOVE = YES;
				CLANG_WARN_UNGUARDED_AVAILABILITY = YES_AGGRESSIVE;
				CLANG_WARN_UNREACHABLE_CODE = YES;
				CLANG_WARN__DUPLICATE_METHOD_MATCH = YES;
				COPY_PHASE_STRIP = NO;
				CURRENT_PROJECT_VERSION = 1;
				DEBUG_INFORMATION_FORMAT = dwarf;
				ENABLE_STRICT_OBJC_MSGSEND = YES;
				ENABLE_TESTABILITY = YES;
				GCC_C_LANGUAGE_STANDARD = gnu11;
				GCC_DYNAMIC_NO_PIC = NO;
				GCC_NO_COMMON_BLOCKS = YES;
				GCC_OPTIMIZATION_LEVEL = 0;
				GCC_PREPROCESSOR_DEFINITIONS = (
					"DEBUG=1",
					"$(inherited)",
				);
				GCC_WARN_64_TO_32_BIT_CONVERSION = YES;
				GCC_WARN_ABOUT_RETURN_TYPE = YES_ERROR;
				GCC_WARN_UNDECLARED_SELECTOR = YES;
				GCC_WARN_UNINITIALIZED_AUTOS = YES_AGGRESSIVE;
				GCC_WARN_UNUSED_FUNCTION = YES;
				GCC_WARN_UNUSED_VARIABLE = YES;
				IPHONEOS_DEPLOYMENT_TARGET = 13.0;
				MTL_ENABLE_DEBUG_INFO = INCLUDE_SOURCE;
				MTL_FAST_MATH = YES;
				ONLY_ACTIVE_ARCH = YES;
				SDKROOT = iphoneos;
				SWIFT_ACTIVE_COMPILATION_CONDITIONS = DEBUG;
				SWIFT_OPTIMIZATION_LEVEL = "-Onone";
				VERSIONING_SYSTEM = "apple-generic";
				VERSION_INFO_PREFIX = "";
			};
			name = Debug;
		};
		59FC9C612A699B200021C383 /* Release */ = {
			isa = XCBuildConfiguration;
			buildSettings = {
				ALWAYS_SEARCH_USER_PATHS = NO;
				CLANG_ANALYZER_NONNULL = YES;
				CLANG_ANALYZER_NUMBER_OBJECT_CONVERSION = YES_AGGRESSIVE;
				CLANG_CXX_LANGUAGE_STANDARD = "gnu++20";
				CLANG_ENABLE_MODULES = YES;
				CLANG_ENABLE_OBJC_ARC = YES;
				CLANG_ENABLE_OBJC_WEAK = YES;
				CLANG_WARN_BLOCK_CAPTURE_AUTORELEASING = YES;
				CLANG_WARN_BOOL_CONVERSION = YES;
				CLANG_WARN_COMMA = YES;
				CLANG_WARN_CONSTANT_CONVERSION = YES;
				CLANG_WARN_DEPRECATED_OBJC_IMPLEMENTATIONS = YES;
				CLANG_WARN_DIRECT_OBJC_ISA_USAGE = YES_ERROR;
				CLANG_WARN_DOCUMENTATION_COMMENTS = YES;
				CLANG_WARN_EMPTY_BODY = YES;
				CLANG_WARN_ENUM_CONVERSION = YES;
				CLANG_WARN_INFINITE_RECURSION = YES;
				CLANG_WARN_INT_CONVERSION = YES;
				CLANG_WARN_NON_LITERAL_NULL_CONVERSION = YES;
				CLANG_WARN_OBJC_IMPLICIT_RETAIN_SELF = YES;
				CLANG_WARN_OBJC_LITERAL_CONVERSION = YES;
				CLANG_WARN_OBJC_ROOT_CLASS = YES_ERROR;
				CLANG_WARN_QUOTED_INCLUDE_IN_FRAMEWORK_HEADER = YES;
				CLANG_WARN_RANGE_LOOP_ANALYSIS = YES;
				CLANG_WARN_STRICT_PROTOTYPES = YES;
				CLANG_WARN_SUSPICIOUS_MOVE = YES;
				CLANG_WARN_UNGUARDED_AVAILABILITY = YES_AGGRESSIVE;
				CLANG_WARN_UNREACHABLE_CODE = YES;
				CLANG_WARN__DUPLICATE_METHOD_MATCH = YES;
				COPY_PHASE_STRIP = NO;
				CURRENT_PROJECT_VERSION = 1;
				DEBUG_INFORMATION_FORMAT = "dwarf-with-dsym";
				ENABLE_NS_ASSERTIONS = NO;
				ENABLE_STRICT_OBJC_MSGSEND = YES;
				GCC_C_LANGUAGE_STANDARD = gnu11;
				GCC_NO_COMMON_BLOCKS = YES;
				GCC_WARN_64_TO_32_BIT_CONVERSION = YES;
				GCC_WARN_ABOUT_RETURN_TYPE = YES_ERROR;
				GCC_WARN_UNDECLARED_SELECTOR = YES;
				GCC_WARN_UNINITIALIZED_AUTOS = YES_AGGRESSIVE;
				GCC_WARN_UNUSED_FUNCTION = YES;
				GCC_WARN_UNUSED_VARIABLE = YES;
				IPHONEOS_DEPLOYMENT_TARGET = 13.0;
				MTL_ENABLE_DEBUG_INFO = NO;
				MTL_FAST_MATH = YES;
				SDKROOT = iphoneos;
				SWIFT_COMPILATION_MODE = wholemodule;
				SWIFT_OPTIMIZATION_LEVEL = "-O";
				VALIDATE_PRODUCT = YES;
				VERSIONING_SYSTEM = "apple-generic";
				VERSION_INFO_PREFIX = "";
			};
			name = Release;
		};
		59FC9C632A699B200021C383 /* Debug */ = {
			isa = XCBuildConfiguration;
			baseConfigurationReference = 71F6359FF7C59FA8CCF6B373 /* Pods-Applio.debug.xcconfig */;
			buildSettings = {
				CODE_SIGN_STYLE = Automatic;
				CURRENT_PROJECT_VERSION = 1;
				DEFINES_MODULE = YES;
				DYLIB_COMPATIBILITY_VERSION = 1;
				DYLIB_CURRENT_VERSION = 1;
				DYLIB_INSTALL_NAME_BASE = "@rpath";
				ENABLE_MODULE_VERIFIER = YES;
				GENERATE_INFOPLIST_FILE = YES;
				INFOPLIST_KEY_NSHumanReadableCopyright = "";
				INSTALL_PATH = "$(LOCAL_LIBRARY_DIR)/Frameworks";
				IPHONEOS_DEPLOYMENT_TARGET = 13.0;
				LD_RUNPATH_SEARCH_PATHS = (
					"$(inherited)",
					"@executable_path/Frameworks",
					"@loader_path/Frameworks",
				);
				MARKETING_VERSION = 1.0;
				MODULE_VERIFIER_SUPPORTED_LANGUAGES = "objective-c objective-c++";
				MODULE_VERIFIER_SUPPORTED_LANGUAGE_STANDARDS = "gnu11 gnu++20";
				PRODUCT_BUNDLE_IDENTIFIER = com.Applio;
				PRODUCT_NAME = "$(TARGET_NAME:c99extidentifier)";
				SKIP_INSTALL = YES;
				SWIFT_EMIT_LOC_STRINGS = YES;
				SWIFT_VERSION = 5.0;
				TARGETED_DEVICE_FAMILY = "1,2";
			};
			name = Debug;
		};
		59FC9C642A699B200021C383 /* Release */ = {
			isa = XCBuildConfiguration;
			baseConfigurationReference = 2C6C46E191E2BBCBDDC572CA /* Pods-Applio.release.xcconfig */;
			buildSettings = {
				CODE_SIGN_STYLE = Automatic;
				CURRENT_PROJECT_VERSION = 1;
				DEFINES_MODULE = YES;
				DYLIB_COMPATIBILITY_VERSION = 1;
				DYLIB_CURRENT_VERSION = 1;
				DYLIB_INSTALL_NAME_BASE = "@rpath";
				ENABLE_MODULE_VERIFIER = YES;
				GENERATE_INFOPLIST_FILE = YES;
				INFOPLIST_KEY_NSHumanReadableCopyright = "";
				INSTALL_PATH = "$(LOCAL_LIBRARY_DIR)/Frameworks";
				IPHONEOS_DEPLOYMENT_TARGET = 13.0;
				LD_RUNPATH_SEARCH_PATHS = (
					"$(inherited)",
					"@executable_path/Frameworks",
					"@loader_path/Frameworks",
				);
				MARKETING_VERSION = 1.0;
				MODULE_VERIFIER_SUPPORTED_LANGUAGES = "objective-c objective-c++";
				MODULE_VERIFIER_SUPPORTED_LANGUAGE_STANDARDS = "gnu11 gnu++20";
				PRODUCT_BUNDLE_IDENTIFIER = com.Applio;
				PRODUCT_NAME = "$(TARGET_NAME:c99extidentifier)";
				SKIP_INSTALL = YES;
				SWIFT_EMIT_LOC_STRINGS = YES;
				SWIFT_VERSION = 5.0;
				TARGETED_DEVICE_FAMILY = "1,2";
			};
			name = Release;
		};
/* End XCBuildConfiguration section */

/* Begin XCConfigurationList section */
		59FC9C532A699B200021C383 /* Build configuration list for PBXProject "Applio" */ = {
			isa = XCConfigurationList;
			buildConfigurations = (
				59FC9C602A699B200021C383 /* Debug */,
				59FC9C612A699B200021C383 /* Release */,
			);
			defaultConfigurationIsVisible = 0;
			defaultConfigurationName = Release;
		};
		59FC9C622A699B200021C383 /* Build configuration list for PBXNativeTarget "Applio" */ = {
			isa = XCConfigurationList;
			buildConfigurations = (
				59FC9C632A699B200021C383 /* Debug */,
				59FC9C642A699B200021C383 /* Release */,
			);
			defaultConfigurationIsVisible = 0;
			defaultConfigurationName = Release;
		};
/* End XCConfigurationList section */
	};
	rootObject = 59FC9C502A699B200021C383 /* Project object */;
}
